
Microsoft Visual Studio Solution File, Format Version 12.00
# Visual Studio Version 17
VisualStudioVersion = 17.8.34316.72
MinimumVisualStudioVersion = 10.0.40219.1
Project("{F184B08F-C81C-45F6-A57F-5ABD9991F28F}") = "WinFormsApp1", "WinFormsApp1.vbproj", "{253D811A-EFE4-44E4-85A3-AB5AB97E720A}"
EndProject
Global
	GlobalSection(SolutionConfigurationPlatforms) = preSolution
		Debug|Any CPU = Debug|Any CPU
		Release|Any CPU = Release|Any CPU
	EndGlobalSection
	GlobalSection(ProjectConfigurationPlatforms) = postSolution
		{253D811A-EFE4-44E4-85A3-AB5AB97E720A}.Debug|Any CPU.ActiveCfg = Debug|Any CPU
		{253D811A-EFE4-44E4-85A3-AB5AB97E720A}.Debug|Any CPU.Build.0 = Debug|Any CPU
		{253D811A-EFE4-44E4-85A3-AB5AB97E720A}.Release|Any CPU.ActiveCfg = Release|Any CPU
		{253D811A-EFE4-44E4-85A3-AB5AB97E720A}.Release|Any CPU.Build.0 = Release|Any CPU
	EndGlobalSection
	GlobalSection(SolutionProperties) = preSolution
		HideSolutionNode = FALSE
	EndGlobalSection
	GlobalSection(ExtensibilityGlobals) = postSolution
		SolutionGuid = {B5E80D74-C5A1-4E9C-B0CA-D030507DA4AE}
	EndGlobalSection
EndGlobal
